
Microsoft Visual Studio Solution File, Format Version 12.00
# Visual Studio 15
VisualStudioVersion = 15.0.28307.1758
MinimumVisualStudioVersion = 10.0.40219.1
Project("{FAE04EC0-301F-11D3-BF4B-00C04F79EFBC}") = "AdoApi", "AdoApi\AdoApi.csproj", "{59A19BD2-C15F-472F-8766-0E9DA0D00B81}"
EndProject
Global
	GlobalSection(SolutionConfigurationPlatforms) = preSolution
		Debug|Any CPU = Debug|Any CPU
		Release|Any CPU = Release|Any CPU
	EndGlobalSection
	GlobalSection(ProjectConfigurationPlatforms) = postSolution
		{59A19BD2-C15F-472F-8766-0E9DA0D00B81}.Debug|Any CPU.ActiveCfg = Debug|Any CPU
		{59A19BD2-C15F-472F-8766-0E9DA0D00B81}.Debug|Any CPU.Build.0 = Debug|Any CPU
		{59A19BD2-C15F-472F-8766-0E9DA0D00B81}.Release|Any CPU.ActiveCfg = Release|Any CPU
		{59A19BD2-C15F-472F-8766-0E9DA0D00B81}.Release|Any CPU.Build.0 = Release|Any CPU
	EndGlobalSection
	GlobalSection(SolutionProperties) = preSolution
		HideSolutionNode = FALSE
	EndGlobalSection
	GlobalSection(ExtensibilityGlobals) = postSolution
		SolutionGuid = {7BF12FE2-8B0C-4423-B9E0-841FBF52B94A}
	EndGlobalSection
EndGlobal
